// !$*UTF8*$!
{
	archiveVersion = 1;
	classes = {
	};
	objectVersion = 56;
	objects = {

/* Begin PBXBuildFile section */
		189D42CCF582A74520AA7C7D /* Pods_RxSwift_MVVM_Tutorial.framework in Frameworks */ = {isa = PBXBuildFile; fileRef = AA655C2035B6613058224A7B /* Pods_RxSwift_MVVM_Tutorial.framework */; };
		348C701B291D2EB8005EA315 /* UserTableViewCell.swift in Sources */ = {isa = PBXBuildFile; fileRef = 348C7019291D2EB8005EA315 /* UserTableViewCell.swift */; };
		348C701C291D2EB8005EA315 /* UserTableViewCell.xib in Resources */ = {isa = PBXBuildFile; fileRef = 348C701A291D2EB8005EA315 /* UserTableViewCell.xib */; };
		34965C79291CE011004F9B91 /* AppDelegate.swift in Sources */ = {isa = PBXBuildFile; fileRef = 34965C78291CE011004F9B91 /* AppDelegate.swift */; };
		34965C7B291CE011004F9B91 /* SceneDelegate.swift in Sources */ = {isa = PBXBuildFile; fileRef = 34965C7A291CE011004F9B91 /* SceneDelegate.swift */; };
		34965C7D291CE011004F9B91 /* ViewController.swift in Sources */ = {isa = PBXBuildFile; fileRef = 34965C7C291CE011004F9B91 /* ViewController.swift */; };
		34965C80291CE011004F9B91 /* Main.storyboard in Resources */ = {isa = PBXBuildFile; fileRef = 34965C7E291CE011004F9B91 /* Main.storyboard */; };
		34965C82291CE015004F9B91 /* Assets.xcassets in Resources */ = {isa = PBXBuildFile; fileRef = 34965C81291CE015004F9B91 /* Assets.xcassets */; };
		34965C85291CE015004F9B91 /* LaunchScreen.storyboard in Resources */ = {isa = PBXBuildFile; fileRef = 34965C83291CE015004F9B91 /* LaunchScreen.storyboard */; };
		34A2EC8C291D280800736457 /* ViewModel.swift in Sources */ = {isa = PBXBuildFile; fileRef = 34A2EC8B291D280800736457 /* ViewModel.swift */; };
		34A2EC8E291D283F00736457 /* Model.swift in Sources */ = {isa = PBXBuildFile; fileRef = 34A2EC8D291D283F00736457 /* Model.swift */; };
/* End PBXBuildFile section */

/* Begin PBXFileReference section */
		348C7019291D2EB8005EA315 /* UserTableViewCell.swift */ = {isa = PBXFileReference; lastKnownFileType = sourcecode.swift; path = UserTableViewCell.swift; sourceTree = "<group>"; };
		348C701A291D2EB8005EA315 /* UserTableViewCell.xib */ = {isa = PBXFileReference; lastKnownFileType = file.xib; path = UserTableViewCell.xib; sourceTree = "<group>"; };
		34965C75291CE011004F9B91 /* RxSwift_MVVM_Tutorial.app */ = {isa = PBXFileReference; explicitFileType = wrapper.application; includeInIndex = 0; path = RxSwift_MVVM_Tutorial.app; sourceTree = BUILT_PRODUCTS_DIR; };
		34965C78291CE011004F9B91 /* AppDelegate.swift */ = {isa = PBXFileReference; lastKnownFileType = sourcecode.swift; path = AppDelegate.swift; sourceTree = "<group>"; };
		34965C7A291CE011004F9B91 /* SceneDelegate.swift */ = {isa = PBXFileReference; lastKnownFileType = sourcecode.swift; path = SceneDelegate.swift; sourceTree = "<group>"; };
		34965C7C291CE011004F9B91 /* ViewController.swift */ = {isa = PBXFileReference; lastKnownFileType = sourcecode.swift; path = ViewController.swift; sourceTree = "<group>"; };
		34965C7F291CE011004F9B91 /* Base */ = {isa = PBXFileReference; lastKnownFileType = file.storyboard; name = Base; path = Base.lproj/Main.storyboard; sourceTree = "<group>"; };
		34965C81291CE015004F9B91 /* Assets.xcassets */ = {isa = PBXFileReference; lastKnownFileType = folder.assetcatalog; path = Assets.xcassets; sourceTree = "<group>"; };
		34965C84291CE015004F9B91 /* Base */ = {isa = PBXFileReference; lastKnownFileType = file.storyboard; name = Base; path = Base.lproj/LaunchScreen.storyboard; sourceTree = "<group>"; };
		34965C86291CE015004F9B91 /* Info.plist */ = {isa = PBXFileReference; lastKnownFileType = text.plist.xml; path = Info.plist; sourceTree = "<group>"; };
		34A2EC8B291D280800736457 /* ViewModel.swift */ = {isa = PBXFileReference; lastKnownFileType = sourcecode.swift; path = ViewModel.swift; sourceTree = "<group>"; };
		34A2EC8D291D283F00736457 /* Model.swift */ = {isa = PBXFileReference; lastKnownFileType = sourcecode.swift; path = Model.swift; sourceTree = "<group>"; };
		8598BF04135EEDE4CC5AF3D6 /* Pods-RxSwift_MVVM_Tutorial.debug.xcconfig */ = {isa = PBXFileReference; includeInIndex = 1; lastKnownFileType = text.xcconfig; name = "Pods-RxSwift_MVVM_Tutorial.debug.xcconfig"; path = "Target Support Files/Pods-RxSwift_MVVM_Tutorial/Pods-RxSwift_MVVM_Tutorial.debug.xcconfig"; sourceTree = "<group>"; };
		AA655C2035B6613058224A7B /* Pods_RxSwift_MVVM_Tutorial.framework */ = {isa = PBXFileReference; explicitFileType = wrapper.framework; includeInIndex = 0; path = Pods_RxSwift_MVVM_Tutorial.framework; sourceTree = BUILT_PRODUCTS_DIR; };
		EDA9B1670BD64C4E5638EACF /* Pods-RxSwift_MVVM_Tutorial.release.xcconfig */ = {isa = PBXFileReference; includeInIndex = 1; lastKnownFileType = text.xcconfig; name = "Pods-RxSwift_MVVM_Tutorial.release.xcconfig"; path = "Target Support Files/Pods-RxSwift_MVVM_Tutorial/Pods-RxSwift_MVVM_Tutorial.release.xcconfig"; sourceTree = "<group>"; };
/* End PBXFileReference section */

/* Begin PBXFrameworksBuildPhase section */
		34965C72291CE011004F9B91 /* Frameworks */ = {
			isa = PBXFrameworksBuildPhase;
			buildActionMask = 2147483647;
			files = (
				189D42CCF582A74520AA7C7D /* Pods_RxSwift_MVVM_Tutorial.framework in Frameworks */,
			);
			runOnlyForDeploymentPostprocessing = 0;
		};
/* End PBXFrameworksBuildPhase section */

/* Begin PBXGroup section */
		21ADEB99DDB9095B205E97B0 /* Pods */ = {
			isa = PBXGroup;
			children = (
				8598BF04135EEDE4CC5AF3D6 /* Pods-RxSwift_MVVM_Tutorial.debug.xcconfig */,
				EDA9B1670BD64C4E5638EACF /* Pods-RxSwift_MVVM_Tutorial.release.xcconfig */,
			);
			path = Pods;
			sourceTree = "<group>";
		};
		34965C6C291CE011004F9B91 = {
			isa = PBXGroup;
			children = (
				34965C77291CE011004F9B91 /* RxSwift_MVVM_Tutorial */,
				34965C76291CE011004F9B91 /* Products */,
				21ADEB99DDB9095B205E97B0 /* Pods */,
				B24E27DFF52C831494747227 /* Frameworks */,
			);
			sourceTree = "<group>";
		};
		34965C76291CE011004F9B91 /* Products */ = {
			isa = PBXGroup;
			children = (
				34965C75291CE011004F9B91 /* RxSwift_MVVM_Tutorial.app */,
			);
			name = Products;
			sourceTree = "<group>";
		};
		34965C77291CE011004F9B91 /* RxSwift_MVVM_Tutorial */ = {
			isa = PBXGroup;
			children = (
				34965C78291CE011004F9B91 /* AppDelegate.swift */,
				34965C7A291CE011004F9B91 /* SceneDelegate.swift */,
				34A2EC8D291D283F00736457 /* Model.swift */,
				34A2EC8B291D280800736457 /* ViewModel.swift */,
				34965C7C291CE011004F9B91 /* ViewController.swift */,
				348C7019291D2EB8005EA315 /* UserTableViewCell.swift */,
				348C701A291D2EB8005EA315 /* UserTableViewCell.xib */,
				34965C7E291CE011004F9B91 /* Main.storyboard */,
				34965C81291CE015004F9B91 /* Assets.xcassets */,
				34965C83291CE015004F9B91 /* LaunchScreen.storyboard */,
				34965C86291CE015004F9B91 /* Info.plist */,
			);
			path = RxSwift_MVVM_Tutorial;
			sourceTree = "<group>";
		};
		B24E27DFF52C831494747227 /* Frameworks */ = {
			isa = PBXGroup;
			children = (
				AA655C2035B6613058224A7B /* Pods_RxSwift_MVVM_Tutorial.framework */,
			);
			name = Frameworks;
			sourceTree = "<group>";
		};
/* End PBXGroup section */

/* Begin PBXNativeTarget section */
		34965C74291CE011004F9B91 /* RxSwift_MVVM_Tutorial */ = {
			isa = PBXNativeTarget;
			buildConfigurationList = 34965C89291CE015004F9B91 /* Build configuration list for PBXNativeTarget "RxSwift_MVVM_Tutorial" */;
			buildPhases = (
				77ACB31E113ABC3C2A825BA9 /* [CP] Check Pods Manifest.lock */,
				34965C71291CE011004F9B91 /* Sources */,
				34965C72291CE011004F9B91 /* Frameworks */,
				34965C73291CE011004F9B91 /* Resources */,
				75FAC4856904DE973A95C6C2 /* [CP] Embed Pods Frameworks */,
			);
			buildRules = (
			);
			dependencies = (
			);
			name = RxSwift_MVVM_Tutorial;
			productName = RxSwift_MVVM_Tutorial;
			productReference = 34965C75291CE011004F9B91 /* RxSwift_MVVM_Tutorial.app */;
			productType = "com.apple.product-type.application";
		};
/* End PBXNativeTarget section */

/* Begin PBXProject section */
		34965C6D291CE011004F9B91 /* Project object */ = {
			isa = PBXProject;
			attributes = {
				BuildIndependentTargetsInParallel = 1;
				LastSwiftUpdateCheck = 1410;
				LastUpgradeCheck = 1410;
				TargetAttributes = {
					34965C74291CE011004F9B91 = {
						CreatedOnToolsVersion = 14.1;
					};
				};
			};
			buildConfigurationList = 34965C70291CE011004F9B91 /* Build configuration list for PBXProject "RxSwift_MVVM_Tutorial" */;
			compatibilityVersion = "Xcode 14.0";
			developmentRegion = en;
			hasScannedForEncodings = 0;
			knownRegions = (
				en,
				Base,
			);
			mainGroup = 34965C6C291CE011004F9B91;
			productRefGroup = 34965C76291CE011004F9B91 /* Products */;
			projectDirPath = "";
			projectRoot = "";
			targets = (
				34965C74291CE011004F9B91 /* RxSwift_MVVM_Tutorial */,
			);
		};
/* End PBXProject section */

/* Begin PBXResourcesBuildPhase section */
		34965C73291CE011004F9B91 /* Resources */ = {
			isa = PBXResourcesBuildPhase;
			buildActionMask = 2147483647;
			files = (
				348C701C291D2EB8005EA315 /* UserTableViewCell.xib in Resources */,
				34965C85291CE015004F9B91 /* LaunchScreen.storyboard in Resources */,
				34965C82291CE015004F9B91 /* Assets.xcassets in Resources */,
				34965C80291CE011004F9B91 /* Main.storyboard in Resources */,
			);
			runOnlyForDeploymentPostprocessing = 0;
		};
/* End PBXResourcesBuildPhase section */

/* Begin PBXShellScriptBuildPhase section */
		75FAC4856904DE973A95C6C2 /* [CP] Embed Pods Frameworks */ = {
			isa = PBXShellScriptBuildPhase;
			buildActionMask = 2147483647;
			files = (
			);
			inputFileListPaths = (
				"${PODS_ROOT}/Target Support Files/Pods-RxSwift_MVVM_Tutorial/Pods-RxSwift_MVVM_Tutorial-frameworks-${CONFIGURATION}-input-files.xcfilelist",
			);
			name = "[CP] Embed Pods Frameworks";
			outputFileListPaths = (
				"${PODS_ROOT}/Target Support Files/Pods-RxSwift_MVVM_Tutorial/Pods-RxSwift_MVVM_Tutorial-frameworks-${CONFIGURATION}-output-files.xcfilelist",
			);
			runOnlyForDeploymentPostprocessing = 0;
			shellPath = /bin/sh;
			shellScript = "\"${PODS_ROOT}/Target Support Files/Pods-RxSwift_MVVM_Tutorial/Pods-RxSwift_MVVM_Tutorial-frameworks.sh\"\n";
			showEnvVarsInLog = 0;
		};
		77ACB31E113ABC3C2A825BA9 /* [CP] Check Pods Manifest.lock */ = {
			isa = PBXShellScriptBuildPhase;
			buildActionMask = 2147483647;
			files = (
			);
			inputFileListPaths = (
			);
			inputPaths = (
				"${PODS_PODFILE_DIR_PATH}/Podfile.lock",
				"${PODS_ROOT}/Manifest.lock",
			);
			name = "[CP] Check Pods Manifest.lock";
			outputFileListPaths = (
			);
			outputPaths = (
				"$(DERIVED_FILE_DIR)/Pods-RxSwift_MVVM_Tutorial-checkManifestLockResult.txt",
			);
			runOnlyForDeploymentPostprocessing = 0;
			shellPath = /bin/sh;
			shellScript = "diff \"${PODS_PODFILE_DIR_PATH}/Podfile.lock\" \"${PODS_ROOT}/Manifest.lock\" > /dev/null\nif [ $? != 0 ] ; then\n    # print error to STDERR\n    echo \"error: The sandbox is not in sync with the Podfile.lock. Run 'pod install' or update your CocoaPods installation.\" >&2\n    exit 1\nfi\n# This output is used by Xcode 'outputs' to avoid re-running this script phase.\necho \"SUCCESS\" > \"${SCRIPT_OUTPUT_FILE_0}\"\n";
			showEnvVarsInLog = 0;
		};
/* End PBXShellScriptBuildPhase section */

/* Begin PBXSourcesBuildPhase section */
		34965C71291CE011004F9B91 /* Sources */ = {
			isa = PBXSourcesBuildPhase;
			buildActionMask = 2147483647;
			files = (
				34A2EC8E291D283F00736457 /* Model.swift in Sources */,
				34965C7D291CE011004F9B91 /* ViewController.swift in Sources */,
				34965C79291CE011004F9B91 /* AppDelegate.swift in Sources */,
				34A2EC8C291D280800736457 /* ViewModel.swift in Sources */,
				348C701B291D2EB8005EA315 /* UserTableViewCell.swift in Sources */,
				34965C7B291CE011004F9B91 /* SceneDelegate.swift in Sources */,
			);
			runOnlyForDeploymentPostprocessing = 0;
		};
/* End PBXSourcesBuildPhase section */

/* Begin PBXVariantGroup section */
		34965C7E291CE011004F9B91 /* Main.storyboard */ = {
			isa = PBXVariantGroup;
			children = (
				34965C7F291CE011004F9B91 /* Base */,
			);
			name = Main.storyboard;
			sourceTree = "<group>";
		};
		34965C83291CE015004F9B91 /* LaunchScreen.storyboard */ = {
			isa = PBXVariantGroup;
			children = (
				34965C84291CE015004F9B91 /* Base */,
			);
			name = LaunchScreen.storyboard;
			sourceTree = "<group>";
		};
/* End PBXVariantGroup section */

/* Begin XCBuildConfiguration section */
		34965C87291CE015004F9B91 /* Debug */ = {
			isa = XCBuildConfiguration;
			buildSettings = {
				ALWAYS_SEARCH_USER_PATHS = NO;
				CLANG_ANALYZER_NONNULL = YES;
				CLANG_ANALYZER_NUMBER_OBJECT_CONVERSION = YES_AGGRESSIVE;
				CLANG_CXX_LANGUAGE_STANDARD = "gnu++20";
				CLANG_ENABLE_MODULES = YES;
				CLANG_ENABLE_OBJC_ARC = YES;
				CLANG_ENABLE_OBJC_WEAK = YES;
				CLANG_WARN_BLOCK_CAPTURE_AUTORELEASING = YES;
				CLANG_WARN_BOOL_CONVERSION = YES;
				CLANG_WARN_COMMA = YES;
				CLANG_WARN_CONSTANT_CONVERSION = YES;
				CLANG_WARN_DEPRECATED_OBJC_IMPLEMENTATIONS = YES;
				CLANG_WARN_DIRECT_OBJC_ISA_USAGE = YES_ERROR;
				CLANG_WARN_DOCUMENTATION_COMMENTS = YES;
				CLANG_WARN_EMPTY_BODY = YES;
				CLANG_WARN_ENUM_CONVERSION = YES;
				CLANG_WARN_INFINITE_RECURSION = YES;
				CLANG_WARN_INT_CONVERSION = YES;
				CLANG_WARN_NON_LITERAL_NULL_CONVERSION = YES;
				CLANG_WARN_OBJC_IMPLICIT_RETAIN_SELF = YES;
				CLANG_WARN_OBJC_LITERAL_CONVERSION = YES;
				CLANG_WARN_OBJC_ROOT_CLASS = YES_ERROR;
				CLANG_WARN_QUOTED_INCLUDE_IN_FRAMEWORK_HEADER = YES;
				CLANG_WARN_RANGE_LOOP_ANALYSIS = YES;
				CLANG_WARN_STRICT_PROTOTYPES = YES;
				CLANG_WARN_SUSPICIOUS_MOVE = YES;
				CLANG_WARN_UNGUARDED_AVAILABILITY = YES_AGGRESSIVE;
				CLANG_WARN_UNREACHABLE_CODE = YES;
				CLANG_WARN__DUPLICATE_METHOD_MATCH = YES;
				COPY_PHASE_STRIP = NO;
				DEBUG_INFORMATION_FORMAT = dwarf;
				ENABLE_STRICT_OBJC_MSGSEND = YES;
				ENABLE_TESTABILITY = YES;
				GCC_C_LANGUAGE_STANDARD = gnu11;
				GCC_DYNAMIC_NO_PIC = NO;
				GCC_NO_COMMON_BLOCKS = YES;
				GCC_OPTIMIZATION_LEVEL = 0;
				GCC_PREPROCESSOR_DEFINITIONS = (
					"DEBUG=1",
					"$(inherited)",
				);
				GCC_WARN_64_TO_32_BIT_CONVERSION = YES;
				GCC_WARN_ABOUT_RETURN_TYPE = YES_ERROR;
				GCC_WARN_UNDECLARED_SELECTOR = YES;
				GCC_WARN_UNINITIALIZED_AUTOS = YES_AGGRESSIVE;
				GCC_WARN_UNUSED_FUNCTION = YES;
				GCC_WARN_UNUSED_VARIABLE = YES;
				IPHONEOS_DEPLOYMENT_TARGET = 16.1;
				MTL_ENABLE_DEBUG_INFO = INCLUDE_SOURCE;
				MTL_FAST_MATH = YES;
				ONLY_ACTIVE_ARCH = YES;
				SDKROOT = iphoneos;
				SWIFT_ACTIVE_COMPILATION_CONDITIONS = DEBUG;
				SWIFT_OPTIMIZATION_LEVEL = "-Onone";
			};
			name = Debug;
		};
		34965C88291CE015004F9B91 /* Release */ = {
			isa = XCBuildConfiguration;
			buildSettings = {
				ALWAYS_SEARCH_USER_PATHS = NO;
				CLANG_ANALYZER_NONNULL = YES;
				CLANG_ANALYZER_NUMBER_OBJECT_CONVERSION = YES_AGGRESSIVE;
				CLANG_CXX_LANGUAGE_STANDARD = "gnu++20";
				CLANG_ENABLE_MODULES = YES;
				CLANG_ENABLE_OBJC_ARC = YES;
				CLANG_ENABLE_OBJC_WEAK = YES;
				CLANG_WARN_BLOCK_CAPTURE_AUTORELEASING = YES;
				CLANG_WARN_BOOL_CONVERSION = YES;
				CLANG_WARN_COMMA = YES;
				CLANG_WARN_CONSTANT_CONVERSION = YES;
				CLANG_WARN_DEPRECATED_OBJC_IMPLEMENTATIONS = YES;
				CLANG_WARN_DIRECT_OBJC_ISA_USAGE = YES_ERROR;
				CLANG_WARN_DOCUMENTATION_COMMENTS = YES;
				CLANG_WARN_EMPTY_BODY = YES;
				CLANG_WARN_ENUM_CONVERSION = YES;
				CLANG_WARN_INFINITE_RECURSION = YES;
				CLANG_WARN_INT_CONVERSION = YES;
				CLANG_WARN_NON_LITERAL_NULL_CONVERSION = YES;
				CLANG_WARN_OBJC_IMPLICIT_RETAIN_SELF = YES;
				CLANG_WARN_OBJC_LITERAL_CONVERSION = YES;
				CLANG_WARN_OBJC_ROOT_CLASS = YES_ERROR;
				CLANG_WARN_QUOTED_INCLUDE_IN_FRAMEWORK_HEADER = YES;
				CLANG_WARN_RANGE_LOOP_ANALYSIS = YES;
				CLANG_WARN_STRICT_PROTOTYPES = YES;
				CLANG_WARN_SUSPICIOUS_MOVE = YES;
				CLANG_WARN_UNGUARDED_AVAILABILITY = YES_AGGRESSIVE;
				CLANG_WARN_UNREACHABLE_CODE = YES;
				CLANG_WARN__DUPLICATE_METHOD_MATCH = YES;
				COPY_PHASE_STRIP = NO;
				DEBUG_INFORMATION_FORMAT = "dwarf-with-dsym";
				ENABLE_NS_ASSERTIONS = NO;
				ENABLE_STRICT_OBJC_MSGSEND = YES;
				GCC_C_LANGUAGE_STANDARD = gnu11;
				GCC_NO_COMMON_BLOCKS = YES;
				GCC_WARN_64_TO_32_BIT_CONVERSION = YES;
				GCC_WARN_ABOUT_RETURN_TYPE = YES_ERROR;
				GCC_WARN_UNDECLARED_SELECTOR = YES;
				GCC_WARN_UNINITIALIZED_AUTOS = YES_AGGRESSIVE;
				GCC_WARN_UNUSED_FUNCTION = YES;
				GCC_WARN_UNUSED_VARIABLE = YES;
				IPHONEOS_DEPLOYMENT_TARGET = 16.1;
				MTL_ENABLE_DEBUG_INFO = NO;
				MTL_FAST_MATH = YES;
				SDKROOT = iphoneos;
				SWIFT_COMPILATION_MODE = wholemodule;
				SWIFT_OPTIMIZATION_LEVEL = "-O";
				VALIDATE_PRODUCT = YES;
			};
			name = Release;
		};
		34965C8A291CE015004F9B91 /* Debug */ = {
			isa = XCBuildConfiguration;
			baseConfigurationReference = 8598BF04135EEDE4CC5AF3D6 /* Pods-RxSwift_MVVM_Tutorial.debug.xcconfig */;
			buildSettings = {
				ASSETCATALOG_COMPILER_APPICON_NAME = AppIcon;
				ASSETCATALOG_COMPILER_GLOBAL_ACCENT_COLOR_NAME = AccentColor;
				CODE_SIGN_STYLE = Automatic;
				CURRENT_PROJECT_VERSION = 1;
				DEVELOPMENT_TEAM = J2J2A4T2U9;
				GENERATE_INFOPLIST_FILE = YES;
				INFOPLIST_FILE = RxSwift_MVVM_Tutorial/Info.plist;
				INFOPLIST_KEY_UIApplicationSupportsIndirectInputEvents = YES;
				INFOPLIST_KEY_UILaunchStoryboardName = LaunchScreen;
				INFOPLIST_KEY_UIMainStoryboardFile = Main;
				INFOPLIST_KEY_UISupportedInterfaceOrientations_iPad = "UIInterfaceOrientationPortrait UIInterfaceOrientationPortraitUpsideDown UIInterfaceOrientationLandscapeLeft UIInterfaceOrientationLandscapeRight";
				INFOPLIST_KEY_UISupportedInterfaceOrientations_iPhone = "UIInterfaceOrientationPortrait UIInterfaceOrientationLandscapeLeft UIInterfaceOrientationLandscapeRight";
				LD_RUNPATH_SEARCH_PATHS = (
					"$(inherited)",
					"@executable_path/Frameworks",
				);
				MARKETING_VERSION = 1.0;
				PRODUCT_BUNDLE_IDENTIFIER = "Dev.Kim.RxSwift-MVVM-Tutorial";
				PRODUCT_NAME = "$(TARGET_NAME)";
				SWIFT_EMIT_LOC_STRINGS = YES;
				SWIFT_VERSION = 5.0;
				TARGETED_DEVICE_FAMILY = "1,2";
			};
			name = Debug;
		};
		34965C8B291CE015004F9B91 /* Release */ = {
			isa = XCBuildConfiguration;
			baseConfigurationReference = EDA9B1670BD64C4E5638EACF /* Pods-RxSwift_MVVM_Tutorial.release.xcconfig */;
			buildSettings = {
				ASSETCATALOG_COMPILER_APPICON_NAME = AppIcon;
				ASSETCATALOG_COMPILER_GLOBAL_ACCENT_COLOR_NAME = AccentColor;
				CODE_SIGN_STYLE = Automatic;
				CURRENT_PROJECT_VERSION = 1;
				DEVELOPMENT_TEAM = J2J2A4T2U9;
				GENERATE_INFOPLIST_FILE = YES;
				INFOPLIST_FILE = RxSwift_MVVM_Tutorial/Info.plist;
				INFOPLIST_KEY_UIApplicationSupportsIndirectInputEvents = YES;
				INFOPLIST_KEY_UILaunchStoryboardName = LaunchScreen;
				INFOPLIST_KEY_UIMainStoryboardFile = Main;
				INFOPLIST_KEY_UISupportedInterfaceOrientations_iPad = "UIInterfaceOrientationPortrait UIInterfaceOrientationPortraitUpsideDown UIInterfaceOrientationLandscapeLeft UIInterfaceOrientationLandscapeRight";
				INFOPLIST_KEY_UISupportedInterfaceOrientations_iPhone = "UIInterfaceOrientationPortrait UIInterfaceOrientationLandscapeLeft UIInterfaceOrientationLandscapeRight";
				LD_RUNPATH_SEARCH_PATHS = (
					"$(inherited)",
					"@executable_path/Frameworks",
				);
				MARKETING_VERSION = 1.0;
				PRODUCT_BUNDLE_IDENTIFIER = "Dev.Kim.RxSwift-MVVM-Tutorial";
				PRODUCT_NAME = "$(TARGET_NAME)";
				SWIFT_EMIT_LOC_STRINGS = YES;
				SWIFT_VERSION = 5.0;
				TARGETED_DEVICE_FAMILY = "1,2";
			};
			name = Release;
		};
/* End XCBuildConfiguration section */

/* Begin XCConfigurationList section */
		34965C70291CE011004F9B91 /* Build configuration list for PBXProject "RxSwift_MVVM_Tutorial" */ = {
			isa = XCConfigurationList;
			buildConfigurations = (
				34965C87291CE015004F9B91 /* Debug */,
				34965C88291CE015004F9B91 /* Release */,
			);
			defaultConfigurationIsVisible = 0;
			defaultConfigurationName = Release;
		};
		34965C89291CE015004F9B91 /* Build configuration list for PBXNativeTarget "RxSwift_MVVM_Tutorial" */ = {
			isa = XCConfigurationList;
			buildConfigurations = (
				34965C8A291CE015004F9B91 /* Debug */,
				34965C8B291CE015004F9B91 /* Release */,
			);
			defaultConfigurationIsVisible = 0;
			defaultConfigurationName = Release;
		};
/* End XCConfigurationList section */
	};
	rootObject = 34965C6D291CE011004F9B91 /* Project object */;
}
